
Microsoft Visual Studio Solution File, Format Version 12.00
# Visual Studio Version 16
VisualStudioVersion = 16.0.30517.126
MinimumVisualStudioVersion = 10.0.40219.1
Project("{FAE04EC0-301F-11D3-BF4B-00C04F79EFBC}") = "BooleanLogicalOperators", "BooleanLogicalOperators\BooleanLogicalOperators.csproj", "{ECF0005B-0454-47AF-9289-62F7B964AE7C}"
EndProject
Project("{FAE04EC0-301F-11D3-BF4B-00C04F79EFBC}") = "Login", "Login\Login.csproj", "{0D5FDB59-628C-4456-B984-C6B15DD50DB9}"
EndProject
Global
	GlobalSection(SolutionConfigurationPlatforms) = preSolution
		Debug|Any CPU = Debug|Any CPU
		Release|Any CPU = Release|Any CPU
	EndGlobalSection
	GlobalSection(ProjectConfigurationPlatforms) = postSolution
		{ECF0005B-0454-47AF-9289-62F7B964AE7C}.Debug|Any CPU.ActiveCfg = Debug|Any CPU
		{ECF0005B-0454-47AF-9289-62F7B964AE7C}.Debug|Any CPU.Build.0 = Debug|Any CPU
		{ECF0005B-0454-47AF-9289-62F7B964AE7C}.Release|Any CPU.ActiveCfg = Release|Any CPU
		{ECF0005B-0454-47AF-9289-62F7B964AE7C}.Release|Any CPU.Build.0 = Release|Any CPU
		{0D5FDB59-628C-4456-B984-C6B15DD50DB9}.Debug|Any CPU.ActiveCfg = Debug|Any CPU
		{0D5FDB59-628C-4456-B984-C6B15DD50DB9}.Debug|Any CPU.Build.0 = Debug|Any CPU
		{0D5FDB59-628C-4456-B984-C6B15DD50DB9}.Release|Any CPU.ActiveCfg = Release|Any CPU
		{0D5FDB59-628C-4456-B984-C6B15DD50DB9}.Release|Any CPU.Build.0 = Release|Any CPU
	EndGlobalSection
	GlobalSection(SolutionProperties) = preSolution
		HideSolutionNode = FALSE
	EndGlobalSection
	GlobalSection(ExtensibilityGlobals) = postSolution
		SolutionGuid = {BDACD6E9-A781-40CD-A767-2CD8EF6F430A}
	EndGlobalSection
EndGlobal
